
Microsoft Visual Studio Solution File, Format Version 12.00
# Visual Studio Version 16
VisualStudioVersion = 16.0.30907.101
MinimumVisualStudioVersion = 10.0.40219.1
Project("{8BC9CEB8-8B4A-11D0-8D11-00A0C91BC942}") = "report_01", "report_01\report_01.vcxproj", "{51E9F9F8-E5EF-412A-8F1D-E7C693592BB7}"
EndProject
Project("{8BC9CEB8-8B4A-11D0-8D11-00A0C91BC942}") = "report_01_using_vector", "report_01_using_vector\report_01_using_vector.vcxproj", "{563F5A64-8CCD-4B1B-82F6-91B272B1D7A0}"
EndProject
Global
	GlobalSection(SolutionConfigurationPlatforms) = preSolution
		Debug|x64 = Debug|x64
		Debug|x86 = Debug|x86
		Release|x64 = Release|x64
		Release|x86 = Release|x86
	EndGlobalSection
	GlobalSection(ProjectConfigurationPlatforms) = postSolution
		{51E9F9F8-E5EF-412A-8F1D-E7C693592BB7}.Debug|x64.ActiveCfg = Debug|x64
		{51E9F9F8-E5EF-412A-8F1D-E7C693592BB7}.Debug|x64.Build.0 = Debug|x64
		{51E9F9F8-E5EF-412A-8F1D-E7C693592BB7}.Debug|x86.ActiveCfg = Debug|Win32
		{51E9F9F8-E5EF-412A-8F1D-E7C693592BB7}.Debug|x86.Build.0 = Debug|Win32
		{51E9F9F8-E5EF-412A-8F1D-E7C693592BB7}.Release|x64.ActiveCfg = Release|x64
		{51E9F9F8-E5EF-412A-8F1D-E7C693592BB7}.Release|x64.Build.0 = Release|x64
		{51E9F9F8-E5EF-412A-8F1D-E7C693592BB7}.Release|x86.ActiveCfg = Release|Win32
		{51E9F9F8-E5EF-412A-8F1D-E7C693592BB7}.Release|x86.Build.0 = Release|Win32
		{563F5A64-8CCD-4B1B-82F6-91B272B1D7A0}.Debug|x64.ActiveCfg = Debug|x64
		{563F5A64-8CCD-4B1B-82F6-91B272B1D7A0}.Debug|x64.Build.0 = Debug|x64
		{563F5A64-8CCD-4B1B-82F6-91B272B1D7A0}.Debug|x86.ActiveCfg = Debug|Win32
		{563F5A64-8CCD-4B1B-82F6-91B272B1D7A0}.Debug|x86.Build.0 = Debug|Win32
		{563F5A64-8CCD-4B1B-82F6-91B272B1D7A0}.Release|x64.ActiveCfg = Release|x64
		{563F5A64-8CCD-4B1B-82F6-91B272B1D7A0}.Release|x64.Build.0 = Release|x64
		{563F5A64-8CCD-4B1B-82F6-91B272B1D7A0}.Release|x86.ActiveCfg = Release|Win32
		{563F5A64-8CCD-4B1B-82F6-91B272B1D7A0}.Release|x86.Build.0 = Release|Win32
	EndGlobalSection
	GlobalSection(SolutionProperties) = preSolution
		HideSolutionNode = FALSE
	EndGlobalSection
	GlobalSection(ExtensibilityGlobals) = postSolution
		SolutionGuid = {45DEAD6A-0423-4E29-8889-CD7700360E06}
	EndGlobalSection
EndGlobal
